
Microsoft Visual Studio Solution File, Format Version 12.00
# Visual Studio Version 17
VisualStudioVersion = 17.3.32825.248
MinimumVisualStudioVersion = 10.0.40219.1
Project("{FAE04EC0-301F-11D3-BF4B-00C04F79EFBC}") = "Aula14", "Aula14.csproj", "{44DF3E5A-1602-49D4-AF10-D11B36B8E4EC}"
EndProject
Global
	GlobalSection(SolutionConfigurationPlatforms) = preSolution
		Debug|Any CPU = Debug|Any CPU
		Release|Any CPU = Release|Any CPU
	EndGlobalSection
	GlobalSection(ProjectConfigurationPlatforms) = postSolution
		{44DF3E5A-1602-49D4-AF10-D11B36B8E4EC}.Debug|Any CPU.ActiveCfg = Debug|Any CPU
		{44DF3E5A-1602-49D4-AF10-D11B36B8E4EC}.Debug|Any CPU.Build.0 = Debug|Any CPU
		{44DF3E5A-1602-49D4-AF10-D11B36B8E4EC}.Release|Any CPU.ActiveCfg = Release|Any CPU
		{44DF3E5A-1602-49D4-AF10-D11B36B8E4EC}.Release|Any CPU.Build.0 = Release|Any CPU
	EndGlobalSection
	GlobalSection(SolutionProperties) = preSolution
		HideSolutionNode = FALSE
	EndGlobalSection
	GlobalSection(ExtensibilityGlobals) = postSolution
		SolutionGuid = {A8A0EE82-CB1D-4E97-965C-F48C0E048758}
	EndGlobalSection
EndGlobal
